{
  "version": 4,
  "terraform_version": "1.14.8",
  "serial": 5,
  "lineage": "c6c4f05c-d443-56b2-bae4-2ec16849ebe8",
  "outputs": {
    "active_environment": {
      "value": "blue",
      "type": "string"
    },
    "nginx_active_upstream_file": {
      "value": "./../ansible/nginx/active-upstream.conf",
      "type": "string"
    }
  },
  "resources": [
    {
      "mode": "managed",
      "type": "local_file",
      "name": "nginx_active_upstream",
      "provider": "provider[\"registry.terraform.io/hashicorp/local\"]",
      "instances": [
        {
          "schema_version": 0,
          "attributes": {
            "content": "upstream active_backend {\r\n  server backend_blue:4000;\r\n}\r\n\r\nupstream active_frontend {\r\n  server frontend_blue:80;\r\n}",
            "content_base64": null,
            "content_base64sha256": "AkioySsM3zf/LdXewr/uVjXnum06BbyfzSj+v5s3EV4=",
            "content_base64sha512": "cfF0G1rEhywsXaSx8y5hLVdjNAfyEh2xXZ/4QEtAz7wsS0pX/KPkws8qMpU/V/pbPXKbvMm9hhHUKRLvXHiB3A==",
            "content_md5": "5262dc89004875a6930cf15f407cbb74",
            "content_sha1": "51044d5a4a242d5e7d9d08bab3465a94e0545cab",
            "content_sha256": "0248a8c92b0cdf37ff2dd5dec2bfee5635e7ba6d3a05bc9fcd28febf9b37115e",
            "content_sha512": "71f1741b5ac4872c2c5da4b1f32e612d57633407f2121db15d9ff8404b40cfbc2c4b4a57fca3e4c2cf2a32953f57fa5b3d729bbcc9bd8611d42912ef5c7881dc",
            "directory_permission": "0777",
            "file_permission": "0644",
            "filename": "./../ansible/nginx/active-upstream.conf",
            "id": "51044d5a4a242d5e7d9d08bab3465a94e0545cab",
            "sensitive_content": null,
            "source": null
          },
          "sensitive_attributes": [
            [
              {
                "type": "get_attr",
                "value": "sensitive_content"
              }
            ]
          ],
          "identity_schema_version": 0
        }
      ]
    }
  ],
  "check_results": [
    {
      "object_kind": "var",
      "config_addr": "var.active_environment",
      "status": "pass",
      "objects": [
        {
          "object_addr": "var.active_environment",
          "status": "pass"
        }
      ]
    }
  ]
}
